
Microsoft Visual Studio Solution File, Format Version 12.00
# Visual Studio Version 16
VisualStudioVersion = 16.0.31911.196
MinimumVisualStudioVersion = 10.0.40219.1
Project("{FAE04EC0-301F-11D3-BF4B-00C04F79EFBC}") = "RazorPagesMovie", "RazorPagesMovie\RazorPagesMovie.csproj", "{C73514B1-370D-408F-AF6B-1059D75F65F6}"
EndProject
Global
	GlobalSection(SolutionConfigurationPlatforms) = preSolution
		Debug|Any CPU = Debug|Any CPU
		Release|Any CPU = Release|Any CPU
	EndGlobalSection
	GlobalSection(ProjectConfigurationPlatforms) = postSolution
		{C73514B1-370D-408F-AF6B-1059D75F65F6}.Debug|Any CPU.ActiveCfg = Debug|Any CPU
		{C73514B1-370D-408F-AF6B-1059D75F65F6}.Debug|Any CPU.Build.0 = Debug|Any CPU
		{C73514B1-370D-408F-AF6B-1059D75F65F6}.Release|Any CPU.ActiveCfg = Release|Any CPU
		{C73514B1-370D-408F-AF6B-1059D75F65F6}.Release|Any CPU.Build.0 = Release|Any CPU
	EndGlobalSection
	GlobalSection(SolutionProperties) = preSolution
		HideSolutionNode = FALSE
	EndGlobalSection
	GlobalSection(ExtensibilityGlobals) = postSolution
		SolutionGuid = {EE3C6B75-73B0-409C-9C0A-2FE90F569190}
	EndGlobalSection
EndGlobal
